{
  "name": "uitvinders-starter",
  "version": "1.0.0",
  "lockfileVersion": 3,
  "requires": true,
  "packages": {
    "": {
      "name": "uitvinders-starter",
      "version": "1.0.0",
      "devDependencies": {
        "typescript": "5.6.3"
      },
      "engines": {
        "node": ">=22.12.0"
      }
    }
  }
}
